// !$*UTF8*$!
{
	archiveVersion = 1;
	classes = {
	};
	objectVersion = 46;
	objects = {

/* Begin PBXBuildFile section */
		7E21AF971C16EBF500B36777 /* main.m in Sources */ = {isa = PBXBuildFile; fileRef = 7E21AF961C16EBF500B36777 /* main.m */; };
		7E21AF9D1C16EC1D00B36777 /* Person.m in Sources */ = {isa = PBXBuildFile; fileRef = 7E21AF9C1C16EC1D00B36777 /* Person.m */; settings = {ASSET_TAGS = (); }; };
		7E758C6A1C13184F000BA348 /* main.m in Sources */ = {isa = PBXBuildFile; fileRef = 7E758C691C13184F000BA348 /* main.m */; };
		7E758C721C131BE7000BA348 /* Person.m in Sources */ = {isa = PBXBuildFile; fileRef = 7E758C711C131BE7000BA348 /* Person.m */; settings = {ASSET_TAGS = (); }; };
/* End PBXBuildFile section */

/* Begin PBXCopyFilesBuildPhase section */
		7E21AF921C16EBF500B36777 /* CopyFiles */ = {
			isa = PBXCopyFilesBuildPhase;
			buildActionMask = 2147483647;
			dstPath = /usr/share/man/man1/;
			dstSubfolderSpec = 0;
			files = (
			);
			runOnlyForDeploymentPostprocessing = 1;
		};
		7E758C641C13184F000BA348 /* CopyFiles */ = {
			isa = PBXCopyFilesBuildPhase;
			buildActionMask = 2147483647;
			dstPath = /usr/share/man/man1/;
			dstSubfolderSpec = 0;
			files = (
			);
			runOnlyForDeploymentPostprocessing = 1;
		};
/* End PBXCopyFilesBuildPhase section */

/* Begin PBXFileReference section */
		7E21AF941C16EBF500B36777 /* 02-单个内存管理 */ = {isa = PBXFileReference; explicitFileType = "compiled.mach-o.executable"; includeInIndex = 0; path = "02-单个内存管理"; sourceTree = BUILT_PRODUCTS_DIR; };
		7E21AF961C16EBF500B36777 /* main.m */ = {isa = PBXFileReference; lastKnownFileType = sourcecode.c.objc; path = main.m; sourceTree = "<group>"; };
		7E21AF9B1C16EC1D00B36777 /* Person.h */ = {isa = PBXFileReference; fileEncoding = 4; lastKnownFileType = sourcecode.c.h; path = Person.h; sourceTree = "<group>"; };
		7E21AF9C1C16EC1D00B36777 /* Person.m */ = {isa = PBXFileReference; fileEncoding = 4; lastKnownFileType = sourcecode.c.objc; path = Person.m; sourceTree = "<group>"; };
		7E758C661C13184F000BA348 /* OC-内存手动管理 */ = {isa = PBXFileReference; explicitFileType = "compiled.mach-o.executable"; includeInIndex = 0; path = "OC-内存手动管理"; sourceTree = BUILT_PRODUCTS_DIR; };
		7E758C691C13184F000BA348 /* main.m */ = {isa = PBXFileReference; lastKnownFileType = sourcecode.c.objc; path = main.m; sourceTree = "<group>"; };
		7E758C701C131BE7000BA348 /* Person.h */ = {isa = PBXFileReference; fileEncoding = 4; lastKnownFileType = sourcecode.c.h; path = Person.h; sourceTree = "<group>"; };
		7E758C711C131BE7000BA348 /* Person.m */ = {isa = PBXFileReference; fileEncoding = 4; lastKnownFileType = sourcecode.c.objc; path = Person.m; sourceTree = "<group>"; };
/* End PBXFileReference section */

/* Begin PBXFrameworksBuildPhase section */
		7E21AF911C16EBF500B36777 /* Frameworks */ = {
			isa = PBXFrameworksBuildPhase;
			buildActionMask = 2147483647;
			files = (
			);
			runOnlyForDeploymentPostprocessing = 0;
		};
		7E758C631C13184F000BA348 /* Frameworks */ = {
			isa = PBXFrameworksBuildPhase;
			buildActionMask = 2147483647;
			files = (
			);
			runOnlyForDeploymentPostprocessing = 0;
		};
/* End PBXFrameworksBuildPhase section */

/* Begin PBXGroup section */
		7E21AF951C16EBF500B36777 /* 02-单个内存管理 */ = {
			isa = PBXGroup;
			children = (
				7E21AF961C16EBF500B36777 /* main.m */,
				7E21AF9B1C16EC1D00B36777 /* Person.h */,
				7E21AF9C1C16EC1D00B36777 /* Person.m */,
			);
			path = "02-单个内存管理";
			sourceTree = "<group>";
		};
		7E758C5D1C13184F000BA348 = {
			isa = PBXGroup;
			children = (
				7E758C681C13184F000BA348 /* OC-内存手动管理 */,
				7E21AF951C16EBF500B36777 /* 02-单个内存管理 */,
				7E758C671C13184F000BA348 /* Products */,
			);
			sourceTree = "<group>";
		};
		7E758C671C13184F000BA348 /* Products */ = {
			isa = PBXGroup;
			children = (
				7E758C661C13184F000BA348 /* OC-内存手动管理 */,
				7E21AF941C16EBF500B36777 /* 02-单个内存管理 */,
			);
			name = Products;
			sourceTree = "<group>";
		};
		7E758C681C13184F000BA348 /* OC-内存手动管理 */ = {
			isa = PBXGroup;
			children = (
				7E758C691C13184F000BA348 /* main.m */,
				7E758C701C131BE7000BA348 /* Person.h */,
				7E758C711C131BE7000BA348 /* Person.m */,
			);
			path = "OC-内存手动管理";
			sourceTree = "<group>";
		};
/* End PBXGroup section */

/* Begin PBXNativeTarget section */
		7E21AF931C16EBF500B36777 /* 02-单个内存管理 */ = {
			isa = PBXNativeTarget;
			buildConfigurationList = 7E21AF9A1C16EBF500B36777 /* Build configuration list for PBXNativeTarget "02-单个内存管理" */;
			buildPhases = (
				7E21AF901C16EBF500B36777 /* Sources */,
				7E21AF911C16EBF500B36777 /* Frameworks */,
				7E21AF921C16EBF500B36777 /* CopyFiles */,
			);
			buildRules = (
			);
			dependencies = (
			);
			name = "02-单个内存管理";
			productName = "02-单个内存管理";
			productReference = 7E21AF941C16EBF500B36777 /* 02-单个内存管理 */;
			productType = "com.apple.product-type.tool";
		};
		7E758C651C13184F000BA348 /* OC-内存手动管理 */ = {
			isa = PBXNativeTarget;
			buildConfigurationList = 7E758C6D1C13184F000BA348 /* Build configuration list for PBXNativeTarget "OC-内存手动管理" */;
			buildPhases = (
				7E758C621C13184F000BA348 /* Sources */,
				7E758C631C13184F000BA348 /* Frameworks */,
				7E758C641C13184F000BA348 /* CopyFiles */,
			);
			buildRules = (
			);
			dependencies = (
			);
			name = "OC-内存手动管理";
			productName = "OC-内存手动管理";
			productReference = 7E758C661C13184F000BA348 /* OC-内存手动管理 */;
			productType = "com.apple.product-type.tool";
		};
/* End PBXNativeTarget section */

/* Begin PBXProject section */
		7E758C5E1C13184F000BA348 /* Project object */ = {
			isa = PBXProject;
			attributes = {
				LastUpgradeCheck = 0700;
				ORGANIZATIONNAME = "黄阿能";
				TargetAttributes = {
					7E21AF931C16EBF500B36777 = {
						CreatedOnToolsVersion = 7.0.1;
					};
					7E758C651C13184F000BA348 = {
						CreatedOnToolsVersion = 7.0.1;
					};
				};
			};
			buildConfigurationList = 7E758C611C13184F000BA348 /* Build configuration list for PBXProject "OC-内存手动管理" */;
			compatibilityVersion = "Xcode 3.2";
			developmentRegion = English;
			hasScannedForEncodings = 0;
			knownRegions = (
				en,
			);
			mainGroup = 7E758C5D1C13184F000BA348;
			productRefGroup = 7E758C671C13184F000BA348 /* Products */;
			projectDirPath = "";
			projectRoot = "";
			targets = (
				7E758C651C13184F000BA348 /* OC-内存手动管理 */,
				7E21AF931C16EBF500B36777 /* 02-单个内存管理 */,
			);
		};
/* End PBXProject section */

/* Begin PBXSourcesBuildPhase section */
		7E21AF901C16EBF500B36777 /* Sources */ = {
			isa = PBXSourcesBuildPhase;
			buildActionMask = 2147483647;
			files = (
				7E21AF9D1C16EC1D00B36777 /* Person.m in Sources */,
				7E21AF971C16EBF500B36777 /* main.m in Sources */,
			);
			runOnlyForDeploymentPostprocessing = 0;
		};
		7E758C621C13184F000BA348 /* Sources */ = {
			isa = PBXSourcesBuildPhase;
			buildActionMask = 2147483647;
			files = (
				7E758C721C131BE7000BA348 /* Person.m in Sources */,
				7E758C6A1C13184F000BA348 /* main.m in Sources */,
			);
			runOnlyForDeploymentPostprocessing = 0;
		};
/* End PBXSourcesBuildPhase section */

/* Begin XCBuildConfiguration section */
		7E21AF981C16EBF500B36777 /* Debug */ = {
			isa = XCBuildConfiguration;
			buildSettings = {
				CLANG_ENABLE_OBJC_ARC = NO;
				PRODUCT_NAME = "$(TARGET_NAME)";
			};
			name = Debug;
		};
		7E21AF991C16EBF500B36777 /* Release */ = {
			isa = XCBuildConfiguration;
			buildSettings = {
				CLANG_ENABLE_OBJC_ARC = NO;
				PRODUCT_NAME = "$(TARGET_NAME)";
			};
			name = Release;
		};
		7E758C6B1C13184F000BA348 /* Debug */ = {
			isa = XCBuildConfiguration;
			buildSettings = {
				ALWAYS_SEARCH_USER_PATHS = NO;
				CLANG_CXX_LANGUAGE_STANDARD = "gnu++0x";
				CLANG_CXX_LIBRARY = "libc++";
				CLANG_ENABLE_MODULES = YES;
				CLANG_ENABLE_OBJC_ARC = NO;
				CLANG_WARN_BOOL_CONVERSION = YES;
				CLANG_WARN_CONSTANT_CONVERSION = YES;
				CLANG_WARN_DIRECT_OBJC_ISA_USAGE = YES_ERROR;
				CLANG_WARN_EMPTY_BODY = YES;
				CLANG_WARN_ENUM_CONVERSION = YES;
				CLANG_WARN_INT_CONVERSION = YES;
				CLANG_WARN_OBJC_ROOT_CLASS = YES_ERROR;
				CLANG_WARN_UNREACHABLE_CODE = YES;
				CLANG_WARN__DUPLICATE_METHOD_MATCH = YES;
				COPY_PHASE_STRIP = NO;
				DEBUG_INFORMATION_FORMAT = dwarf;
				ENABLE_STRICT_OBJC_MSGSEND = YES;
				ENABLE_TESTABILITY = YES;
				GCC_C_LANGUAGE_STANDARD = gnu99;
				GCC_DYNAMIC_NO_PIC = NO;
				GCC_NO_COMMON_BLOCKS = YES;
				GCC_OPTIMIZATION_LEVEL = 0;
				GCC_PREPROCESSOR_DEFINITIONS = (
					"DEBUG=1",
					"$(inherited)",
				);
				GCC_WARN_64_TO_32_BIT_CONVERSION = YES;
				GCC_WARN_ABOUT_RETURN_TYPE = YES_ERROR;
				GCC_WARN_UNDECLARED_SELECTOR = YES;
				GCC_WARN_UNINITIALIZED_AUTOS = YES_AGGRESSIVE;
				GCC_WARN_UNUSED_FUNCTION = YES;
				GCC_WARN_UNUSED_VARIABLE = YES;
				MACOSX_DEPLOYMENT_TARGET = 10.10;
				MTL_ENABLE_DEBUG_INFO = YES;
				ONLY_ACTIVE_ARCH = YES;
				SDKROOT = macosx;
			};
			name = Debug;
		};
		7E758C6C1C13184F000BA348 /* Release */ = {
			isa = XCBuildConfiguration;
			buildSettings = {
				ALWAYS_SEARCH_USER_PATHS = NO;
				CLANG_CXX_LANGUAGE_STANDARD = "gnu++0x";
				CLANG_CXX_LIBRARY = "libc++";
				CLANG_ENABLE_MODULES = YES;
				CLANG_ENABLE_OBJC_ARC = NO;
				CLANG_WARN_BOOL_CONVERSION = YES;
				CLANG_WARN_CONSTANT_CONVERSION = YES;
				CLANG_WARN_DIRECT_OBJC_ISA_USAGE = YES_ERROR;
				CLANG_WARN_EMPTY_BODY = YES;
				CLANG_WARN_ENUM_CONVERSION = YES;
				CLANG_WARN_INT_CONVERSION = YES;
				CLANG_WARN_OBJC_ROOT_CLASS = YES_ERROR;
				CLANG_WARN_UNREACHABLE_CODE = YES;
				CLANG_WARN__DUPLICATE_METHOD_MATCH = YES;
				COPY_PHASE_STRIP = NO;
				DEBUG_INFORMATION_FORMAT = "dwarf-with-dsym";
				ENABLE_NS_ASSERTIONS = NO;
				ENABLE_STRICT_OBJC_MSGSEND = YES;
				GCC_C_LANGUAGE_STANDARD = gnu99;
				GCC_NO_COMMON_BLOCKS = YES;
				GCC_WARN_64_TO_32_BIT_CONVERSION = YES;
				GCC_WARN_ABOUT_RETURN_TYPE = YES_ERROR;
				GCC_WARN_UNDECLARED_SELECTOR = YES;
				GCC_WARN_UNINITIALIZED_AUTOS = YES_AGGRESSIVE;
				GCC_WARN_UNUSED_FUNCTION = YES;
				GCC_WARN_UNUSED_VARIABLE = YES;
				MACOSX_DEPLOYMENT_TARGET = 10.10;
				MTL_ENABLE_DEBUG_INFO = NO;
				SDKROOT = macosx;
			};
			name = Release;
		};
		7E758C6E1C13184F000BA348 /* Debug */ = {
			isa = XCBuildConfiguration;
			buildSettings = {
				PRODUCT_NAME = "$(TARGET_NAME)";
			};
			name = Debug;
		};
		7E758C6F1C13184F000BA348 /* Release */ = {
			isa = XCBuildConfiguration;
			buildSettings = {
				PRODUCT_NAME = "$(TARGET_NAME)";
			};
			name = Release;
		};
/* End XCBuildConfiguration section */

/* Begin XCConfigurationList section */
		7E21AF9A1C16EBF500B36777 /* Build configuration list for PBXNativeTarget "02-单个内存管理" */ = {
			isa = XCConfigurationList;
			buildConfigurations = (
				7E21AF981C16EBF500B36777 /* Debug */,
				7E21AF991C16EBF500B36777 /* Release */,
			);
			defaultConfigurationIsVisible = 0;
		};
		7E758C611C13184F000BA348 /* Build configuration list for PBXProject "OC-内存手动管理" */ = {
			isa = XCConfigurationList;
			buildConfigurations = (
				7E758C6B1C13184F000BA348 /* Debug */,
				7E758C6C1C13184F000BA348 /* Release */,
			);
			defaultConfigurationIsVisible = 0;
			defaultConfigurationName = Release;
		};
		7E758C6D1C13184F000BA348 /* Build configuration list for PBXNativeTarget "OC-内存手动管理" */ = {
			isa = XCConfigurationList;
			buildConfigurations = (
				7E758C6E1C13184F000BA348 /* Debug */,
				7E758C6F1C13184F000BA348 /* Release */,
			);
			defaultConfigurationIsVisible = 0;
			defaultConfigurationName = Release;
		};
/* End XCConfigurationList section */
	};
	rootObject = 7E758C5E1C13184F000BA348 /* Project object */;
}
